
Microsoft Visual Studio Solution File, Format Version 12.00
# Visual Studio Version 17
VisualStudioVersion = 17.3.32901.215
MinimumVisualStudioVersion = 10.0.40219.1
Project("{9A19103F-16F7-4668-BE54-9A1E7A4F7556}") = "ExcelReader", "..\ExcelReader\ExcelReader\ExcelReader.csproj", "{53B687F3-FDA8-43F9-B6F4-AD67922CA140}"
EndProject
Project("{9A19103F-16F7-4668-BE54-9A1E7A4F7556}") = "ExcelReaderAPI", "..\ExcelReader\ExcelReaderAPI\ExcelReaderAPI.csproj", "{848CA018-8C5B-4D42-B792-33BE8B13BC7D}"
EndProject
Project("{9A19103F-16F7-4668-BE54-9A1E7A4F7556}") = "CSV_Modifier_Client", "CSV_Modifier_Client\CSV_Modifier_Client.csproj", "{24093D46-987F-4A1E-B051-528993379594}"
EndProject
Global
	GlobalSection(SolutionConfigurationPlatforms) = preSolution
		Debug|Any CPU = Debug|Any CPU
		Debug|x86 = Debug|x86
		Release|Any CPU = Release|Any CPU
		Release|x86 = Release|x86
	EndGlobalSection
	GlobalSection(ProjectConfigurationPlatforms) = postSolution
		{53B687F3-FDA8-43F9-B6F4-AD67922CA140}.Debug|Any CPU.ActiveCfg = Debug|Any CPU
		{53B687F3-FDA8-43F9-B6F4-AD67922CA140}.Debug|Any CPU.Build.0 = Debug|Any CPU
		{53B687F3-FDA8-43F9-B6F4-AD67922CA140}.Debug|x86.ActiveCfg = Debug|Any CPU
		{53B687F3-FDA8-43F9-B6F4-AD67922CA140}.Debug|x86.Build.0 = Debug|Any CPU
		{53B687F3-FDA8-43F9-B6F4-AD67922CA140}.Release|Any CPU.ActiveCfg = Release|Any CPU
		{53B687F3-FDA8-43F9-B6F4-AD67922CA140}.Release|Any CPU.Build.0 = Release|Any CPU
		{53B687F3-FDA8-43F9-B6F4-AD67922CA140}.Release|x86.ActiveCfg = Release|Any CPU
		{53B687F3-FDA8-43F9-B6F4-AD67922CA140}.Release|x86.Build.0 = Release|Any CPU
		{848CA018-8C5B-4D42-B792-33BE8B13BC7D}.Debug|Any CPU.ActiveCfg = Debug|Any CPU
		{848CA018-8C5B-4D42-B792-33BE8B13BC7D}.Debug|Any CPU.Build.0 = Debug|Any CPU
		{848CA018-8C5B-4D42-B792-33BE8B13BC7D}.Debug|x86.ActiveCfg = Debug|Any CPU
		{848CA018-8C5B-4D42-B792-33BE8B13BC7D}.Debug|x86.Build.0 = Debug|Any CPU
		{848CA018-8C5B-4D42-B792-33BE8B13BC7D}.Release|Any CPU.ActiveCfg = Release|Any CPU
		{848CA018-8C5B-4D42-B792-33BE8B13BC7D}.Release|Any CPU.Build.0 = Release|Any CPU
		{848CA018-8C5B-4D42-B792-33BE8B13BC7D}.Release|x86.ActiveCfg = Release|Any CPU
		{848CA018-8C5B-4D42-B792-33BE8B13BC7D}.Release|x86.Build.0 = Release|Any CPU
		{24093D46-987F-4A1E-B051-528993379594}.Debug|Any CPU.ActiveCfg = Debug|Any CPU
		{24093D46-987F-4A1E-B051-528993379594}.Debug|Any CPU.Build.0 = Debug|Any CPU
		{24093D46-987F-4A1E-B051-528993379594}.Debug|x86.ActiveCfg = Debug|Any CPU
		{24093D46-987F-4A1E-B051-528993379594}.Debug|x86.Build.0 = Debug|Any CPU
		{24093D46-987F-4A1E-B051-528993379594}.Release|Any CPU.ActiveCfg = Release|Any CPU
		{24093D46-987F-4A1E-B051-528993379594}.Release|Any CPU.Build.0 = Release|Any CPU
		{24093D46-987F-4A1E-B051-528993379594}.Release|x86.ActiveCfg = Release|Any CPU
		{24093D46-987F-4A1E-B051-528993379594}.Release|x86.Build.0 = Release|Any CPU
	EndGlobalSection
	GlobalSection(SolutionProperties) = preSolution
		HideSolutionNode = FALSE
	EndGlobalSection
	GlobalSection(ExtensibilityGlobals) = postSolution
		SolutionGuid = {6132E3F9-3B69-4ACE-83E2-B416FE6A5262}
	EndGlobalSection
EndGlobal
